
Microsoft Visual Studio Solution File, Format Version 12.00
# Visual Studio Version 17
VisualStudioVersion = 17.13.35818.85 d17.13
MinimumVisualStudioVersion = 10.0.40219.1
Project("{FAE04EC0-301F-11D3-BF4B-00C04F79EFBC}") = "GerundOrInfinitive.Presentation", "GerundOrInfinitive.Presentation\GerundOrInfinitive.Presentation.csproj", "{1439D399-28BB-4C88-8F91-656E2069858D}"
EndProject
Project("{FAE04EC0-301F-11D3-BF4B-00C04F79EFBC}") = "GerundOrInfinitive.Domain", "GerundOrInfinitive.Domain\GerundOrInfinitive.Domain.csproj", "{6BFB4545-5123-4C95-A599-A827BE115CAD}"
EndProject
Global
	GlobalSection(SolutionConfigurationPlatforms) = preSolution
		Debug|Any CPU = Debug|Any CPU
		Release|Any CPU = Release|Any CPU
	EndGlobalSection
	GlobalSection(ProjectConfigurationPlatforms) = postSolution
		{1439D399-28BB-4C88-8F91-656E2069858D}.Debug|Any CPU.ActiveCfg = Debug|Any CPU
		{1439D399-28BB-4C88-8F91-656E2069858D}.Debug|Any CPU.Build.0 = Debug|Any CPU
		{1439D399-28BB-4C88-8F91-656E2069858D}.Release|Any CPU.ActiveCfg = Release|Any CPU
		{1439D399-28BB-4C88-8F91-656E2069858D}.Release|Any CPU.Build.0 = Release|Any CPU
		{6BFB4545-5123-4C95-A599-A827BE115CAD}.Debug|Any CPU.ActiveCfg = Debug|Any CPU
		{6BFB4545-5123-4C95-A599-A827BE115CAD}.Debug|Any CPU.Build.0 = Debug|Any CPU
		{6BFB4545-5123-4C95-A599-A827BE115CAD}.Release|Any CPU.ActiveCfg = Release|Any CPU
		{6BFB4545-5123-4C95-A599-A827BE115CAD}.Release|Any CPU.Build.0 = Release|Any CPU
	EndGlobalSection
	GlobalSection(SolutionProperties) = preSolution
		HideSolutionNode = FALSE
	EndGlobalSection
EndGlobal
